
Microsoft Visual Studio Solution File, Format Version 12.00
# Visual Studio Version 17
VisualStudioVersion = 17.4.33213.308
MinimumVisualStudioVersion = 10.0.40219.1
Project("{FAE04EC0-301F-11D3-BF4B-00C04F79EFBC}") = "Calculator App", "Calculator App\Calculator App.csproj", "{7C62B4DB-3A98-465C-A4B6-C431217F439A}"
EndProject
Global
	GlobalSection(SolutionConfigurationPlatforms) = preSolution
		Debug|Any CPU = Debug|Any CPU
		Release|Any CPU = Release|Any CPU
	EndGlobalSection
	GlobalSection(ProjectConfigurationPlatforms) = postSolution
		{7C62B4DB-3A98-465C-A4B6-C431217F439A}.Debug|Any CPU.ActiveCfg = Debug|Any CPU
		{7C62B4DB-3A98-465C-A4B6-C431217F439A}.Debug|Any CPU.Build.0 = Debug|Any CPU
		{7C62B4DB-3A98-465C-A4B6-C431217F439A}.Release|Any CPU.ActiveCfg = Release|Any CPU
		{7C62B4DB-3A98-465C-A4B6-C431217F439A}.Release|Any CPU.Build.0 = Release|Any CPU
	EndGlobalSection
	GlobalSection(SolutionProperties) = preSolution
		HideSolutionNode = FALSE
	EndGlobalSection
	GlobalSection(ExtensibilityGlobals) = postSolution
		SolutionGuid = {C060808A-461B-4067-B01F-6D009C1D98B0}
	EndGlobalSection
EndGlobal
